github.com/twbs/bootstrap v5.3.0+incompatible h1:4+staADO0OrqUv77m+XL+vHYojLH9oxb4Vxi9mnIJWg=
github.com/twbs/bootstrap v5.3.0+incompatible/go.mod h1:fZTSrkpSf0/HkL0IIJzvVspTt1r9zuf7XlZau8kpcY0=
github.com/twbs/rfs v10.0.0+incompatible h1:lMyvQ7s06iPYrTFQrv7huR/xr9PvuSov7lA5mXtRx0A=
github.com/twbs/rfs v10.0.0+incompatible/go.mod h1:mbMdcvcjCRHHt4qGxZ2creZ2xS7uR1x1xA5b+dYgIzo=
